PODS:
  - AFNetworking (3.2.1):
    - AFNetworking/NSURLSession (= 3.2.1)
    - AFNetworking/Reachability (= 3.2.1)
    - AFNetworking/Security (= 3.2.1)
    - AFNetworking/Serialization (= 3.2.1)
    - AFNetworking/UIKit (= 3.2.1)
  - AFNetworking/NSURLSession (3.2.1):
    - AFNetworking/Reachability
    - AFNetworking/Security
    - AFNetworking/Serialization
  - AFNetworking/Reachability (3.2.1)
  - AFNetworking/Security (3.2.1)
  - AFNetworking/Serialization (3.2.1)
  - AFNetworking/UIKit (3.2.1):
    - AFNetworking/NSURLSession
  - Masonry (1.1.0)
  - SETravel (0.1.0):
    - AFNetworking
    - Masonry
    - SSZipArchive
  - SSZipArchive (1.1)

DEPENDENCIES:
  - AFNetworking (= 3.2.1)
  - Masonry (= 1.1.0)
  - SETravel (from `../`)
  - SSZipArchive (= 1.1)

SPEC REPOS:
  trunk:
    - AFNetworking
    - Masonry
    - SSZipArchive

EXTERNAL SOURCES:
  SETravel:
    :path: "../"

SPEC CHECKSUMS:
  AFNetworking: b6f891fdfaed196b46c7a83cf209e09697b94057
  Masonry: 678fab65091a9290e40e2832a55e7ab731aad201
  SETravel: f72f53673b0831c7c398919ee18edd4c66a23ef7
  SSZipArchive: de3d215ab73f87db627f81f2ce24f1731e3886c3

PODFILE CHECKSUM: cb28812c41c37950bf95fd5f558b47aafcde5cdf

COCOAPODS: 1.10.0
