// !$*UTF8*$!
{
	archiveVersion = 1;
	classes = {
	};
	objectVersion = 54;
	objects = {

/* Begin PBXBuildFile section */
		180EED2A2B6E8BC4005471CD /* DevToolCell.swift in Sources */ = {isa = PBXBuildFile; fileRef = 180EED292B6E8BC4005471CD /* DevToolCell.swift */; };
		180FE44726E22203000C7121 /* resource.response in Resources */ = {isa = PBXBuildFile; fileRef = 180FE44626E22203000C7121 /* resource.response */; };
		181E28502B735EAB001AB09A /* SEtestCPP.cpp in Sources */ = {isa = PBXBuildFile; fileRef = 181E284E2B735EAB001AB09A /* SEtestCPP.cpp */; };
		1854823D2BB6C1CA00F885C1 /* DebugModels.swift in Sources */ = {isa = PBXBuildFile; fileRef = 1854823C2BB6C1CA00F885C1 /* DebugModels.swift */; };
		185482752BBA4C9200F885C1 /* test.swift in Sources */ = {isa = PBXBuildFile; fileRef = 185482742BBA4C9200F885C1 /* test.swift */; };
		188FCD4A2B075D8A0090E5D3 /* SEVideoFiltersViewController.m in Sources */ = {isa = PBXBuildFile; fileRef = 188FCD2A2B075D8A0090E5D3 /* SEVideoFiltersViewController.m */; };
		188FCD4B2B075D8A0090E5D3 /* LaunchScreen.strings in Resources */ = {isa = PBXBuildFile; fileRef = 188FCD2B2B075D8A0090E5D3 /* LaunchScreen.strings */; };
		188FCD4C2B075D8A0090E5D3 /* Localizable.strings in Resources */ = {isa = PBXBuildFile; fileRef = 188FCD2D2B075D8A0090E5D3 /* Localizable.strings */; };
		188FCD4D2B075D8A0090E5D3 /* InfoPlist.strings in Resources */ = {isa = PBXBuildFile; fileRef = 188FCD2F2B075D8A0090E5D3 /* InfoPlist.strings */; };
		188FCD4F2B075D8A0090E5D3 /* Main.strings in Resources */ = {isa = PBXBuildFile; fileRef = 188FCD372B075D8A0090E5D3 /* Main.strings */; };
		188FCD512B075D8A0090E5D3 /* LaunchScreen.storyboard in Resources */ = {isa = PBXBuildFile; fileRef = 188FCD3D2B075D8A0090E5D3 /* LaunchScreen.storyboard */; };
		188FCD522B075D8A0090E5D3 /* SESecondViewController.m in Sources */ = {isa = PBXBuildFile; fileRef = 188FCD402B075D8A0090E5D3 /* SESecondViewController.m */; };
		188FCD532B075D8A0090E5D3 /* SEViewController.mm in Sources */ = {isa = PBXBuildFile; fileRef = 188FCD412B075D8A0090E5D3 /* SEViewController.mm */; };
		188FCD542B075D8A0090E5D3 /* main.m in Sources */ = {isa = PBXBuildFile; fileRef = 188FCD432B075D8A0090E5D3 /* main.m */; };
		188FCD552B075D8A0090E5D3 /* Images.xcassets in Resources */ = {isa = PBXBuildFile; fileRef = 188FCD442B075D8A0090E5D3 /* Images.xcassets */; };
		188FCD562B075D8A0090E5D3 /* SEAppDelegate.m in Sources */ = {isa = PBXBuildFile; fileRef = 188FCD452B075D8A0090E5D3 /* SEAppDelegate.m */; };
		188FCD572B075D8A0090E5D3 /* SEDevToolViewController.m in Sources */ = {isa = PBXBuildFile; fileRef = 188FCD482B075D8A0090E5D3 /* SEDevToolViewController.m */; };
		188FCD7A2B075F3C0090E5D3 /* SEPanelBehavior.m in Sources */ = {isa = PBXBuildFile; fileRef = 188FCD782B075F3C0090E5D3 /* SEPanelBehavior.m */; };
		188FCD7B2B075F3C0090E5D3 /* SEPanelView.m in Sources */ = {isa = PBXBuildFile; fileRef = 188FCD792B075F3C0090E5D3 /* SEPanelView.m */; };
		18A4CD702833B0DE00CAE962 /* SEWidgets.intentdefinition in Sources */ = {isa = PBXBuildFile; fileRef = 18A4CD6B2833B0DD00CAE962 /* SEWidgets.intentdefinition */; };
		18B9FC192BAD647C00FCF665 /* ModelPersistency.swift in Sources */ = {isa = PBXBuildFile; fileRef = 18B9FC182BAD647C00FCF665 /* ModelPersistency.swift */; };
		18B9FC1D2BAE6DFA00FCF665 /* Clip.swift in Sources */ = {isa = PBXBuildFile; fileRef = 18B9FC1C2BAE6DFA00FCF665 /* Clip.swift */; };
		18BF58132B079B2C0083C634 /* Start.storyboard in Resources */ = {isa = PBXBuildFile; fileRef = 18BF58112B079B2C0083C634 /* Start.storyboard */; };
		18C243582BA18F690095CD82 /* DevToolModel.swift in Sources */ = {isa = PBXBuildFile; fileRef = 18C243572BA18F690095CD82 /* DevToolModel.swift */; };
		18C2435A2BA197E50095CD82 /* BaseType.swift in Sources */ = {isa = PBXBuildFile; fileRef = 18C243592BA197E50095CD82 /* BaseType.swift */; };
		18C2435C2BA19B620095CD82 /* DevToolStore.swift in Sources */ = {isa = PBXBuildFile; fileRef = 18C2435B2BA19B620095CD82 /* DevToolStore.swift */; };
		18C2435E2BA19E0D0095CD82 /* DevToolBusiness.swift in Sources */ = {isa = PBXBuildFile; fileRef = 18C2435D2BA19E0D0095CD82 /* DevToolBusiness.swift */; };
		18C243602BA19E310095CD82 /* DevToolModule.swift in Sources */ = {isa = PBXBuildFile; fileRef = 18C2435F2BA19E310095CD82 /* DevToolModule.swift */; };
		18C243772BA449370095CD82 /* DevToolModelAction.swift in Sources */ = {isa = PBXBuildFile; fileRef = 18C243762BA449370095CD82 /* DevToolModelAction.swift */; };
		18CA61B4271FC9D200C8C0F2 /* SENewTests.m in Sources */ = {isa = PBXBuildFile; fileRef = 18CA61B3271FC9D200C8C0F2 /* SENewTests.m */; };
		18CAB14A2B207337005EA2F5 /* SEAnnoViewController.m in Sources */ = {isa = PBXBuildFile; fileRef = 18CAB1492B207337005EA2F5 /* SEAnnoViewController.m */; };
		1D72ED42BBAD26ED9F17C0DE /* libPods-SETravel_Tests.a in Frameworks */ = {isa = PBXBuildFile; fileRef = EEBD3FF02B506EB92812FBFD /* libPods-SETravel_Tests.a */; };
		22E5282C2BA1F85500DA15B8 /* AnyDevToolModel.swift in Sources */ = {isa = PBXBuildFile; fileRef = 22E5282B2BA1F85500DA15B8 /* AnyDevToolModel.swift */; };
		6003F58E195388D20070C39A /* Foundation.framework in Frameworks */ = {isa = PBXBuildFile; fileRef = 6003F58D195388D20070C39A /* Foundation.framework */; };
		6003F590195388D20070C39A /* CoreGraphics.framework in Frameworks */ = {isa = PBXBuildFile; fileRef = 6003F58F195388D20070C39A /* CoreGraphics.framework */; };
		6003F592195388D20070C39A /* UIKit.framework in Frameworks */ = {isa = PBXBuildFile; fileRef = 6003F591195388D20070C39A /* UIKit.framework */; };
		6003F5B0195388D20070C39A /* XCTest.framework in Frameworks */ = {isa = PBXBuildFile; fileRef = 6003F5AF195388D20070C39A /* XCTest.framework */; };
		6003F5B1195388D20070C39A /* Foundation.framework in Frameworks */ = {isa = PBXBuildFile; fileRef = 6003F58D195388D20070C39A /* Foundation.framework */; };
		6003F5B2195388D20070C39A /* UIKit.framework in Frameworks */ = {isa = PBXBuildFile; fileRef = 6003F591195388D20070C39A /* UIKit.framework */; };
		6003F5BC195388D20070C39A /* Tests.m in Sources */ = {isa = PBXBuildFile; fileRef = 6003F5BB195388D20070C39A /* Tests.m */; };
		8C2D2FE13B65FDC7C7D4A467 /* libPods-SETravel_Example.a in Frameworks */ = {isa = PBXBuildFile; fileRef = D2AC1075D9470F8252AAD63E /* libPods-SETravel_Example.a */; };
/* End PBXBuildFile section */

/* Begin PBXContainerItemProxy section */
		6003F5B3195388D20070C39A /* PBXContainerItemProxy */ = {
			isa = PBXContainerItemProxy;
			containerPortal = 6003F582195388D10070C39A /* Project object */;
			proxyType = 1;
			remoteGlobalIDString = 6003F589195388D20070C39A;
			remoteInfo = SETravel;
		};
/* End PBXContainerItemProxy section */

/* Begin PBXCopyFilesBuildPhase section */
		18A4CD772833B0DE00CAE962 /* Embed Foundation Extensions */ = {
			isa = PBXCopyFilesBuildPhase;
			buildActionMask = 12;
			dstPath = "";
			dstSubfolderSpec = 13;
			files = (
			);
			name = "Embed Foundation Extensions";
			runOnlyForDeploymentPostprocessing = 0;
		};
/* End PBXCopyFilesBuildPhase section */

/* Begin PBXFileReference section */
		180EED292B6E8BC4005471CD /* DevToolCell.swift */ = {isa = PBXFileReference; lastKnownFileType = sourcecode.swift; path = DevToolCell.swift; sourceTree = "<group>"; };
		180FE44626E22203000C7121 /* resource.response */ = {isa = PBXFileReference; lastKnownFileType = file; path = resource.response; sourceTree = "<group>"; };
		181E284E2B735EAB001AB09A /* SEtestCPP.cpp */ = {isa = PBXFileReference; lastKnownFileType = sourcecode.cpp.cpp; path = SEtestCPP.cpp; sourceTree = "<group>"; };
		181E284F2B735EAB001AB09A /* SEtestCPP.hpp */ = {isa = PBXFileReference; lastKnownFileType = sourcecode.cpp.h; path = SEtestCPP.hpp; sourceTree = "<group>"; };
		183346572B42F893004E9F77 /* Location.gpx */ = {isa = PBXFileReference; lastKnownFileType = text.xml; path = Location.gpx; sourceTree = "<group>"; };
		1854823C2BB6C1CA00F885C1 /* DebugModels.swift */ = {isa = PBXFileReference; lastKnownFileType = sourcecode.swift; path = DebugModels.swift; sourceTree = "<group>"; };
		185482742BBA4C9200F885C1 /* test.swift */ = {isa = PBXFileReference; lastKnownFileType = sourcecode.swift; path = test.swift; sourceTree = "<group>"; };
		188FCD2A2B075D8A0090E5D3 /* SEVideoFiltersViewController.m */ = {isa = PBXFileReference; fileEncoding = 4; lastKnownFileType = sourcecode.c.objc; path = SEVideoFiltersViewController.m; sourceTree = "<group>"; };
		188FCD2C2B075D8A0090E5D3 /* zh-Hans */ = {isa = PBXFileReference; lastKnownFileType = text.plist.strings; name = "zh-Hans"; path = "zh-Hans.lproj/LaunchScreen.strings"; sourceTree = "<group>"; };
		188FCD2E2B075D8A0090E5D3 /* zh-Hans */ = {isa = PBXFileReference; lastKnownFileType = text.plist.strings; name = "zh-Hans"; path = "zh-Hans.lproj/Localizable.strings"; sourceTree = "<group>"; };
		188FCD302B075D8A0090E5D3 /* zh-Hans */ = {isa = PBXFileReference; lastKnownFileType = text.plist.strings; name = "zh-Hans"; path = "zh-Hans.lproj/InfoPlist.strings"; sourceTree = "<group>"; };
		188FCD312B075D8A0090E5D3 /* en */ = {isa = PBXFileReference; lastKnownFileType = text.plist.strings; name = en; path = en.lproj/LaunchScreen.strings; sourceTree = "<group>"; };
		188FCD322B075D8A0090E5D3 /* en */ = {isa = PBXFileReference; lastKnownFileType = text.plist.strings; name = en; path = en.lproj/Localizable.strings; sourceTree = "<group>"; };
		188FCD332B075D8A0090E5D3 /* SETravel-Info.plist */ = {isa = PBXFileReference; fileEncoding = 4; lastKnownFileType = text.plist.xml; path = "SETravel-Info.plist"; sourceTree = "<group>"; };
		188FCD342B075D8A0090E5D3 /* SEAppDelegate.h */ = {isa = PBXFileReference; fileEncoding = 4; lastKnownFileType = sourcecode.c.h; path = SEAppDelegate.h; sourceTree = "<group>"; };
		188FCD352B075D8A0090E5D3 /* SEViewController.h */ = {isa = PBXFileReference; fileEncoding = 4; lastKnownFileType = sourcecode.c.h; path = SEViewController.h; sourceTree = "<group>"; };
		188FCD362B075D8A0090E5D3 /* SEDevToolViewController.h */ = {isa = PBXFileReference; fileEncoding = 4; lastKnownFileType = sourcecode.c.h; path = SEDevToolViewController.h; sourceTree = "<group>"; };
		188FCD382B075D8A0090E5D3 /* zh-Hans */ = {isa = PBXFileReference; lastKnownFileType = text.plist.strings; name = "zh-Hans"; path = "Base.lproj/zh-Hans.lproj/Main.strings"; sourceTree = "<group>"; };
		188FCD3B2B075D8A0090E5D3 /* en */ = {isa = PBXFileReference; lastKnownFileType = text.plist.strings; name = en; path = Base.lproj/en.lproj/Main.strings; sourceTree = "<group>"; };
		188FCD3E2B075D8A0090E5D3 /* Base */ = {isa = PBXFileReference; lastKnownFileType = file.storyboard; name = Base; path = Base.lproj/LaunchScreen.storyboard; sourceTree = "<group>"; };
		188FCD402B075D8A0090E5D3 /* SESecondViewController.m */ = {isa = PBXFileReference; fileEncoding = 4; lastKnownFileType = sourcecode.c.objc; path = SESecondViewController.m; sourceTree = "<group>"; };
		188FCD412B075D8A0090E5D3 /* SEViewController.mm */ = {isa = PBXFileReference; fileEncoding = 4; lastKnownFileType = sourcecode.cpp.objcpp; path = SEViewController.mm; sourceTree = "<group>"; };
		188FCD422B075D8A0090E5D3 /* SEVideoFiltersViewController.h */ = {isa = PBXFileReference; fileEncoding = 4; lastKnownFileType = sourcecode.c.h; path = SEVideoFiltersViewController.h; sourceTree = "<group>"; };
		188FCD432B075D8A0090E5D3 /* main.m */ = {isa = PBXFileReference; fileEncoding = 4; lastKnownFileType = sourcecode.c.objc; path = main.m; sourceTree = "<group>"; };
		188FCD442B075D8A0090E5D3 /* Images.xcassets */ = {isa = PBXFileReference; lastKnownFileType = folder.assetcatalog; path = Images.xcassets; sourceTree = "<group>"; };
		188FCD452B075D8A0090E5D3 /* SEAppDelegate.m */ = {isa = PBXFileReference; fileEncoding = 4; lastKnownFileType = sourcecode.c.objc; path = SEAppDelegate.m; sourceTree = "<group>"; };
		188FCD462B075D8A0090E5D3 /* SETravel-Prefix.pch */ = {isa = PBXFileReference; fileEncoding = 4; lastKnownFileType = sourcecode.c.h; path = "SETravel-Prefix.pch"; sourceTree = "<group>"; };
		188FCD472B075D8A0090E5D3 /* SESecondViewController.h */ = {isa = PBXFileReference; fileEncoding = 4; lastKnownFileType = sourcecode.c.h; path = SESecondViewController.h; sourceTree = "<group>"; };
		188FCD482B075D8A0090E5D3 /* SEDevToolViewController.m */ = {isa = PBXFileReference; fileEncoding = 4; lastKnownFileType = sourcecode.c.objc; path = SEDevToolViewController.m; sourceTree = "<group>"; };
		188FCD492B075D8A0090E5D3 /* en-IN */ = {isa = PBXFileReference; lastKnownFileType = text.plist.strings; name = "en-IN"; path = "en-IN.lproj/LaunchScreen.strings"; sourceTree = "<group>"; };
		188FCD762B075F3C0090E5D3 /* SEPanelView.h */ = {isa = PBXFileReference; fileEncoding = 4; lastKnownFileType = sourcecode.c.h; path = SEPanelView.h; sourceTree = "<group>"; };
		188FCD772B075F3C0090E5D3 /* SEPanelBehavior.h */ = {isa = PBXFileReference; fileEncoding = 4; lastKnownFileType = sourcecode.c.h; path = SEPanelBehavior.h; sourceTree = "<group>"; };
		188FCD782B075F3C0090E5D3 /* SEPanelBehavior.m */ = {isa = PBXFileReference; fileEncoding = 4; lastKnownFileType = sourcecode.c.objc; path = SEPanelBehavior.m; sourceTree = "<group>"; };
		188FCD792B075F3C0090E5D3 /* SEPanelView.m */ = {isa = PBXFileReference; fileEncoding = 4; lastKnownFileType = sourcecode.c.objc; path = SEPanelView.m; sourceTree = "<group>"; };
		188FCD862B0765E30090E5D3 /* AFNetworking.framework */ = {isa = PBXFileReference; explicitFileType = wrapper.framework; path = AFNetworking.framework; sourceTree = BUILT_PRODUCTS_DIR; };
		188FCD872B0765E30090E5D3 /* Masonry.framework */ = {isa = PBXFileReference; explicitFileType = wrapper.framework; path = Masonry.framework; sourceTree = BUILT_PRODUCTS_DIR; };
		188FCD882B0765E30090E5D3 /* SSZipArchive.framework */ = {isa = PBXFileReference; explicitFileType = wrapper.framework; path = SSZipArchive.framework; sourceTree = BUILT_PRODUCTS_DIR; };
		18A4CD642833B0DD00CAE962 /* WidgetKit.framework */ = {isa = PBXFileReference; lastKnownFileType = wrapper.framework; name = WidgetKit.framework; path = System/Library/Frameworks/WidgetKit.framework; sourceTree = SDKROOT; };
		18A4CD662833B0DD00CAE962 /* SwiftUI.framework */ = {isa = PBXFileReference; lastKnownFileType = wrapper.framework; name = SwiftUI.framework; path = System/Library/Frameworks/SwiftUI.framework; sourceTree = SDKROOT; };
		18A4CD692833B0DD00CAE962 /* SEWidgets.swift */ = {isa = PBXFileReference; lastKnownFileType = sourcecode.swift; path = SEWidgets.swift; sourceTree = "<group>"; };
		18A4CD6B2833B0DD00CAE962 /* SEWidgets.intentdefinition */ = {isa = PBXFileReference; lastKnownFileType = file.intentdefinition; path = SEWidgets.intentdefinition; sourceTree = "<group>"; };
		18A4CD6C2833B0DE00CAE962 /* Assets.xcassets */ = {isa = PBXFileReference; lastKnownFileType = folder.assetcatalog; path = Assets.xcassets; sourceTree = "<group>"; };
		18A4CD6E2833B0DE00CAE962 /* Info.plist */ = {isa = PBXFileReference; lastKnownFileType = text.plist.xml; path = Info.plist; sourceTree = "<group>"; };
		18B0022D2834B819006133D3 /* SETravel_Example-Bridging-Header.h */ = {isa = PBXFileReference; lastKnownFileType = sourcecode.c.h; path = "SETravel_Example-Bridging-Header.h"; sourceTree = "<group>"; };
		18B0022E2834B819006133D3 /* MyMainWidget.swift */ = {isa = PBXFileReference; lastKnownFileType = sourcecode.swift; path = MyMainWidget.swift; sourceTree = "<group>"; };
		18B9FC182BAD647C00FCF665 /* ModelPersistency.swift */ = {isa = PBXFileReference; lastKnownFileType = sourcecode.swift; path = ModelPersistency.swift; sourceTree = "<group>"; };
		18B9FC1C2BAE6DFA00FCF665 /* Clip.swift */ = {isa = PBXFileReference; lastKnownFileType = sourcecode.swift; path = Clip.swift; sourceTree = "<group>"; };
		18BF58122B079B2C0083C634 /* Base */ = {isa = PBXFileReference; lastKnownFileType = file.storyboard; name = Base; path = Base.lproj/Start.storyboard; sourceTree = "<group>"; };
		18C243572BA18F690095CD82 /* DevToolModel.swift */ = {isa = PBXFileReference; lastKnownFileType = sourcecode.swift; path = DevToolModel.swift; sourceTree = "<group>"; };
		18C243592BA197E50095CD82 /* BaseType.swift */ = {isa = PBXFileReference; lastKnownFileType = sourcecode.swift; path = BaseType.swift; sourceTree = "<group>"; };
		18C2435B2BA19B620095CD82 /* DevToolStore.swift */ = {isa = PBXFileReference; lastKnownFileType = sourcecode.swift; path = DevToolStore.swift; sourceTree = "<group>"; };
		18C2435D2BA19E0D0095CD82 /* DevToolBusiness.swift */ = {isa = PBXFileReference; lastKnownFileType = sourcecode.swift; path = DevToolBusiness.swift; sourceTree = "<group>"; };
		18C2435F2BA19E310095CD82 /* DevToolModule.swift */ = {isa = PBXFileReference; lastKnownFileType = sourcecode.swift; path = DevToolModule.swift; sourceTree = "<group>"; };
		18C243762BA449370095CD82 /* DevToolModelAction.swift */ = {isa = PBXFileReference; lastKnownFileType = sourcecode.swift; path = DevToolModelAction.swift; sourceTree = "<group>"; };
		18CA61B3271FC9D200C8C0F2 /* SENewTests.m */ = {isa = PBXFileReference; lastKnownFileType = sourcecode.c.objc; path = SENewTests.m; sourceTree = "<group>"; };
		18CAB1482B207337005EA2F5 /* SEAnnoViewController.h */ = {isa = PBXFileReference; lastKnownFileType = sourcecode.c.h; path = SEAnnoViewController.h; sourceTree = "<group>"; };
		18CAB1492B207337005EA2F5 /* SEAnnoViewController.m */ = {isa = PBXFileReference; lastKnownFileType = sourcecode.c.objc; path = SEAnnoViewController.m; sourceTree = "<group>"; };
		18ED076326F2F45B0091A111 /* Info.plist */ = {isa = PBXFileReference; lastKnownFileType = text.plist.xml; path = Info.plist; sourceTree = "<group>"; };
		20816CCDC09ADCFCF341AB0A /* Pods-SETravel_Tests.release.xcconfig */ = {isa = PBXFileReference; includeInIndex = 1; lastKnownFileType = text.xcconfig; name = "Pods-SETravel_Tests.release.xcconfig"; path = "Target Support Files/Pods-SETravel_Tests/Pods-SETravel_Tests.release.xcconfig"; sourceTree = "<group>"; };
		22E5282B2BA1F85500DA15B8 /* AnyDevToolModel.swift */ = {isa = PBXFileReference; lastKnownFileType = sourcecode.swift; path = AnyDevToolModel.swift; sourceTree = "<group>"; };
		6003F58A195388D20070C39A /* SETravel_Example.app */ = {isa = PBXFileReference; explicitFileType = wrapper.application; includeInIndex = 0; path = SETravel_Example.app; sourceTree = BUILT_PRODUCTS_DIR; };
		6003F58D195388D20070C39A /* Foundation.framework */ = {isa = PBXFileReference; lastKnownFileType = wrapper.framework; name = Foundation.framework; path = System/Library/Frameworks/Foundation.framework; sourceTree = SDKROOT; };
		6003F58F195388D20070C39A /* CoreGraphics.framework */ = {isa = PBXFileReference; lastKnownFileType = wrapper.framework; name = CoreGraphics.framework; path = System/Library/Frameworks/CoreGraphics.framework; sourceTree = SDKROOT; };
		6003F591195388D20070C39A /* UIKit.framework */ = {isa = PBXFileReference; lastKnownFileType = wrapper.framework; name = UIKit.framework; path = System/Library/Frameworks/UIKit.framework; sourceTree = SDKROOT; };
		6003F5AE195388D20070C39A /* SETravel_Tests.xctest */ = {isa = PBXFileReference; explicitFileType = wrapper.cfbundle; includeInIndex = 0; path = SETravel_Tests.xctest; sourceTree = BUILT_PRODUCTS_DIR; };
		6003F5AF195388D20070C39A /* XCTest.framework */ = {isa = PBXFileReference; lastKnownFileType = wrapper.framework; name = XCTest.framework; path = Library/Frameworks/XCTest.framework; sourceTree = DEVELOPER_DIR; };
		6003F5B7195388D20070C39A /* Tests-Info.plist */ = {isa = PBXFileReference; lastKnownFileType = text.plist.xml; path = "Tests-Info.plist"; sourceTree = "<group>"; };
		6003F5BB195388D20070C39A /* Tests.m */ = {isa = PBXFileReference; lastKnownFileType = sourcecode.c.objc; path = Tests.m; sourceTree = "<group>"; };
		606FC2411953D9B200FFA9A0 /* Tests-Prefix.pch */ = {isa = PBXFileReference; lastKnownFileType = sourcecode.c.h; path = "Tests-Prefix.pch"; sourceTree = "<group>"; };
		AADDF047A46F4777DC7AD20E /* Pods-SETravel_Tests.debug.xcconfig */ = {isa = PBXFileReference; includeInIndex = 1; lastKnownFileType = text.xcconfig; name = "Pods-SETravel_Tests.debug.xcconfig"; path = "Target Support Files/Pods-SETravel_Tests/Pods-SETravel_Tests.debug.xcconfig"; sourceTree = "<group>"; };
		B9B5BB8715D0B4D12631B228 /* README.md */ = {isa = PBXFileReference; includeInIndex = 1; lastKnownFileType = net.daringfireball.markdown; name = README.md; path = ../README.md; sourceTree = "<group>"; };
		C18C1BA6AA66F6443D0A1874 /* Pods-SETravel_Example.debug.xcconfig */ = {isa = PBXFileReference; includeInIndex = 1; lastKnownFileType = text.xcconfig; name = "Pods-SETravel_Example.debug.xcconfig"; path = "Target Support Files/Pods-SETravel_Example/Pods-SETravel_Example.debug.xcconfig"; sourceTree = "<group>"; };
		D2AC1075D9470F8252AAD63E /* libPods-SETravel_Example.a */ = {isa = PBXFileReference; explicitFileType = archive.ar; includeInIndex = 0; path = "libPods-SETravel_Example.a"; sourceTree = BUILT_PRODUCTS_DIR; };
		D5C358E991F9C3B7AC205735 /* LICENSE */ = {isa = PBXFileReference; includeInIndex = 1; lastKnownFileType = text; name = LICENSE; path = ../LICENSE; sourceTree = "<group>"; };
		EA2395420A8AA63202BE4541 /* SETravel.podspec */ = {isa = PBXFileReference; includeInIndex = 1; lastKnownFileType = text; name = SETravel.podspec; path = ../SETravel.podspec; sourceTree = "<group>"; xcLanguageSpecificationIdentifier = xcode.lang.ruby; };
		EEBD3FF02B506EB92812FBFD /* libPods-SETravel_Tests.a */ = {isa = PBXFileReference; explicitFileType = archive.ar; includeInIndex = 0; path = "libPods-SETravel_Tests.a"; sourceTree = BUILT_PRODUCTS_DIR; };
		F43B99A9FDB2647FFC818A90 /* Pods-SETravel_Example.release.xcconfig */ = {isa = PBXFileReference; includeInIndex = 1; lastKnownFileType = text.xcconfig; name = "Pods-SETravel_Example.release.xcconfig"; path = "Target Support Files/Pods-SETravel_Example/Pods-SETravel_Example.release.xcconfig"; sourceTree = "<group>"; };
/* End PBXFileReference section */

/* Begin PBXFrameworksBuildPhase section */
		6003F587195388D20070C39A /* Frameworks */ = {
			isa = PBXFrameworksBuildPhase;
			buildActionMask = 2147483647;
			files = (
				6003F590195388D20070C39A /* CoreGraphics.framework in Frameworks */,
				6003F592195388D20070C39A /* UIKit.framework in Frameworks */,
				6003F58E195388D20070C39A /* Foundation.framework in Frameworks */,
				8C2D2FE13B65FDC7C7D4A467 /* libPods-SETravel_Example.a in Frameworks */,
			);
			runOnlyForDeploymentPostprocessing = 0;
		};
		6003F5AB195388D20070C39A /* Frameworks */ = {
			isa = PBXFrameworksBuildPhase;
			buildActionMask = 2147483647;
			files = (
				6003F5B0195388D20070C39A /* XCTest.framework in Frameworks */,
				6003F5B2195388D20070C39A /* UIKit.framework in Frameworks */,
				6003F5B1195388D20070C39A /* Foundation.framework in Frameworks */,
				1D72ED42BBAD26ED9F17C0DE /* libPods-SETravel_Tests.a in Frameworks */,
			);
			runOnlyForDeploymentPostprocessing = 0;
		};
/* End PBXFrameworksBuildPhase section */

/* Begin PBXGroup section */
		180EED282B6E8BA8005471CD /* ZMDevTool */ = {
			isa = PBXGroup;
			children = (
				185482732BBA4C7900F885C1 /* View */,
				18B9FC1B2BAE6DE800FCF665 /* Util */,
				18C243562BA18F3B0095CD82 /* Model */,
			);
			path = ZMDevTool;
			sourceTree = "<group>";
		};
		185482732BBA4C7900F885C1 /* View */ = {
			isa = PBXGroup;
			children = (
				180EED292B6E8BC4005471CD /* DevToolCell.swift */,
				185482742BBA4C9200F885C1 /* test.swift */,
			);
			path = View;
			sourceTree = "<group>";
		};
		188FCD292B075D8A0090E5D3 /* SETravelMain */ = {
			isa = PBXGroup;
			children = (
				180EED282B6E8BA8005471CD /* ZMDevTool */,
				188FCD772B075F3C0090E5D3 /* SEPanelBehavior.h */,
				188FCD782B075F3C0090E5D3 /* SEPanelBehavior.m */,
				188FCD762B075F3C0090E5D3 /* SEPanelView.h */,
				188FCD792B075F3C0090E5D3 /* SEPanelView.m */,
				188FCD422B075D8A0090E5D3 /* SEVideoFiltersViewController.h */,
				188FCD2A2B075D8A0090E5D3 /* SEVideoFiltersViewController.m */,
				188FCD2B2B075D8A0090E5D3 /* LaunchScreen.strings */,
				188FCD2D2B075D8A0090E5D3 /* Localizable.strings */,
				188FCD2F2B075D8A0090E5D3 /* InfoPlist.strings */,
				188FCD332B075D8A0090E5D3 /* SETravel-Info.plist */,
				188FCD352B075D8A0090E5D3 /* SEViewController.h */,
				188FCD412B075D8A0090E5D3 /* SEViewController.mm */,
				188FCD372B075D8A0090E5D3 /* Main.strings */,
				188FCD3D2B075D8A0090E5D3 /* LaunchScreen.storyboard */,
				18BF58112B079B2C0083C634 /* Start.storyboard */,
				188FCD472B075D8A0090E5D3 /* SESecondViewController.h */,
				188FCD402B075D8A0090E5D3 /* SESecondViewController.m */,
				188FCD432B075D8A0090E5D3 /* main.m */,
				188FCD442B075D8A0090E5D3 /* Images.xcassets */,
				188FCD342B075D8A0090E5D3 /* SEAppDelegate.h */,
				188FCD452B075D8A0090E5D3 /* SEAppDelegate.m */,
				188FCD462B075D8A0090E5D3 /* SETravel-Prefix.pch */,
				188FCD362B075D8A0090E5D3 /* SEDevToolViewController.h */,
				188FCD482B075D8A0090E5D3 /* SEDevToolViewController.m */,
				181E284E2B735EAB001AB09A /* SEtestCPP.cpp */,
				181E284F2B735EAB001AB09A /* SEtestCPP.hpp */,
			);
			path = SETravelMain;
			sourceTree = SOURCE_ROOT;
		};
		18A4CD682833B0DD00CAE962 /* SEWidgets */ = {
			isa = PBXGroup;
			children = (
				18A4CD692833B0DD00CAE962 /* SEWidgets.swift */,
				18A4CD6B2833B0DD00CAE962 /* SEWidgets.intentdefinition */,
				18A4CD6C2833B0DE00CAE962 /* Assets.xcassets */,
				18A4CD6E2833B0DE00CAE962 /* Info.plist */,
				18B0022E2834B819006133D3 /* MyMainWidget.swift */,
				18B0022D2834B819006133D3 /* SETravel_Example-Bridging-Header.h */,
			);
			path = SEWidgets;
			sourceTree = "<group>";
		};
		18B9FC1B2BAE6DE800FCF665 /* Util */ = {
			isa = PBXGroup;
			children = (
				18B9FC1C2BAE6DFA00FCF665 /* Clip.swift */,
			);
			path = Util;
			sourceTree = "<group>";
		};
		18C243562BA18F3B0095CD82 /* Model */ = {
			isa = PBXGroup;
			children = (
				18C243572BA18F690095CD82 /* DevToolModel.swift */,
				18C243592BA197E50095CD82 /* BaseType.swift */,
				18C2435B2BA19B620095CD82 /* DevToolStore.swift */,
				18C2435D2BA19E0D0095CD82 /* DevToolBusiness.swift */,
				18C2435F2BA19E310095CD82 /* DevToolModule.swift */,
				22E5282B2BA1F85500DA15B8 /* AnyDevToolModel.swift */,
				18C243762BA449370095CD82 /* DevToolModelAction.swift */,
				18B9FC182BAD647C00FCF665 /* ModelPersistency.swift */,
				1854823C2BB6C1CA00F885C1 /* DebugModels.swift */,
			);
			path = Model;
			sourceTree = "<group>";
		};
		4F5874F87E70323EFA2B8C60 /* Pods */ = {
			isa = PBXGroup;
			children = (
				C18C1BA6AA66F6443D0A1874 /* Pods-SETravel_Example.debug.xcconfig */,
				F43B99A9FDB2647FFC818A90 /* Pods-SETravel_Example.release.xcconfig */,
				AADDF047A46F4777DC7AD20E /* Pods-SETravel_Tests.debug.xcconfig */,
				20816CCDC09ADCFCF341AB0A /* Pods-SETravel_Tests.release.xcconfig */,
			);
			path = Pods;
			sourceTree = "<group>";
		};
		6003F581195388D10070C39A = {
			isa = PBXGroup;
			children = (
				183346572B42F893004E9F77 /* Location.gpx */,
				18CAB1482B207337005EA2F5 /* SEAnnoViewController.h */,
				18CAB1492B207337005EA2F5 /* SEAnnoViewController.m */,
				188FCD292B075D8A0090E5D3 /* SETravelMain */,
				18ED076326F2F45B0091A111 /* Info.plist */,
				180FE44626E22203000C7121 /* resource.response */,
				60FF7A9C1954A5C5007DD14C /* Podspec Metadata */,
				6003F5B5195388D20070C39A /* Tests */,
				18A4CD682833B0DD00CAE962 /* SEWidgets */,
				6003F58C195388D20070C39A /* Frameworks */,
				6003F58B195388D20070C39A /* Products */,
				4F5874F87E70323EFA2B8C60 /* Pods */,
			);
			sourceTree = "<group>";
		};
		6003F58B195388D20070C39A /* Products */ = {
			isa = PBXGroup;
			children = (
				6003F58A195388D20070C39A /* SETravel_Example.app */,
				6003F5AE195388D20070C39A /* SETravel_Tests.xctest */,
			);
			name = Products;
			sourceTree = "<group>";
		};
		6003F58C195388D20070C39A /* Frameworks */ = {
			isa = PBXGroup;
			children = (
				188FCD862B0765E30090E5D3 /* AFNetworking.framework */,
				188FCD872B0765E30090E5D3 /* Masonry.framework */,
				188FCD882B0765E30090E5D3 /* SSZipArchive.framework */,
				6003F58D195388D20070C39A /* Foundation.framework */,
				6003F58F195388D20070C39A /* CoreGraphics.framework */,
				6003F591195388D20070C39A /* UIKit.framework */,
				6003F5AF195388D20070C39A /* XCTest.framework */,
				18A4CD642833B0DD00CAE962 /* WidgetKit.framework */,
				18A4CD662833B0DD00CAE962 /* SwiftUI.framework */,
				D2AC1075D9470F8252AAD63E /* libPods-SETravel_Example.a */,
				EEBD3FF02B506EB92812FBFD /* libPods-SETravel_Tests.a */,
			);
			name = Frameworks;
			sourceTree = "<group>";
		};
		6003F5B5195388D20070C39A /* Tests */ = {
			isa = PBXGroup;
			children = (
				6003F5BB195388D20070C39A /* Tests.m */,
				6003F5B6195388D20070C39A /* Supporting Files */,
				18CA61B3271FC9D200C8C0F2 /* SENewTests.m */,
			);
			path = Tests;
			sourceTree = "<group>";
		};
		6003F5B6195388D20070C39A /* Supporting Files */ = {
			isa = PBXGroup;
			children = (
				6003F5B7195388D20070C39A /* Tests-Info.plist */,
				606FC2411953D9B200FFA9A0 /* Tests-Prefix.pch */,
			);
			name = "Supporting Files";
			sourceTree = "<group>";
		};
		60FF7A9C1954A5C5007DD14C /* Podspec Metadata */ = {
			isa = PBXGroup;
			children = (
				EA2395420A8AA63202BE4541 /* SETravel.podspec */,
				B9B5BB8715D0B4D12631B228 /* README.md */,
				D5C358E991F9C3B7AC205735 /* LICENSE */,
			);
			name = "Podspec Metadata";
			sourceTree = "<group>";
		};
/* End PBXGroup section */

/* Begin PBXNativeTarget section */
		6003F589195388D20070C39A /* SETravel_Example */ = {
			isa = PBXNativeTarget;
			buildConfigurationList = 6003F5BF195388D20070C39A /* Build configuration list for PBXNativeTarget "SETravel_Example" */;
			buildPhases = (
				ADAE0DB655EC7E38B1877617 /* [CP] Check Pods Manifest.lock */,
				188FCE352B0789590090E5D3 /* Run Script */,
				6003F586195388D20070C39A /* Sources */,
				6003F587195388D20070C39A /* Frameworks */,
				6003F588195388D20070C39A /* Resources */,
				18A4CD772833B0DE00CAE962 /* Embed Foundation Extensions */,
				966C9705002DC527F0CCA1E8 /* [CP] Copy Pods Resources */,
			);
			buildRules = (
			);
			dependencies = (
			);
			name = SETravel_Example;
			productName = SETravel;
			productReference = 6003F58A195388D20070C39A /* SETravel_Example.app */;
			productType = "com.apple.product-type.application";
		};
		6003F5AD195388D20070C39A /* SETravel_Tests */ = {
			isa = PBXNativeTarget;
			buildConfigurationList = 6003F5C2195388D20070C39A /* Build configuration list for PBXNativeTarget "SETravel_Tests" */;
			buildPhases = (
				C1F43523173DBEB63E9C42F1 /* [CP] Check Pods Manifest.lock */,
				6003F5AA195388D20070C39A /* Sources */,
				6003F5AB195388D20070C39A /* Frameworks */,
				6003F5AC195388D20070C39A /* Resources */,
			);
			buildRules = (
			);
			dependencies = (
				6003F5B4195388D20070C39A /* PBXTargetDependency */,
			);
			name = SETravel_Tests;
			productName = SETravelTests;
			productReference = 6003F5AE195388D20070C39A /* SETravel_Tests.xctest */;
			productType = "com.apple.product-type.bundle.unit-test";
		};
/* End PBXNativeTarget section */

/* Begin PBXProject section */
		6003F582195388D10070C39A /* Project object */ = {
			isa = PBXProject;
			attributes = {
				BuildIndependentTargetsInParallel = YES;
				CLASSPREFIX = SE;
				LastSwiftUpdateCheck = 1400;
				LastUpgradeCheck = 1530;
				ORGANIZATIONNAME = chenzhixiang;
				TargetAttributes = {
					6003F589195388D20070C39A = {
						LastSwiftMigration = "";
					};
					6003F5AD195388D20070C39A = {
						DevelopmentTeam = F9PFPWQX48;
						TestTargetID = 6003F589195388D20070C39A;
					};
				};
			};
			buildConfigurationList = 6003F585195388D10070C39A /* Build configuration list for PBXProject "SETravel" */;
			compatibilityVersion = "Xcode 3.2";
			developmentRegion = "zh-Hans";
			hasScannedForEncodings = 0;
			knownRegions = (
				Base,
				"zh-Hans",
				en,
				"en-IN",
			);
			mainGroup = 6003F581195388D10070C39A;
			productRefGroup = 6003F58B195388D20070C39A /* Products */;
			projectDirPath = "";
			projectRoot = "";
			targets = (
				6003F589195388D20070C39A /* SETravel_Example */,
				6003F5AD195388D20070C39A /* SETravel_Tests */,
			);
		};
/* End PBXProject section */

/* Begin PBXResourcesBuildPhase section */
		6003F588195388D20070C39A /* Resources */ = {
			isa = PBXResourcesBuildPhase;
			buildActionMask = 2147483647;
			files = (
				188FCD4D2B075D8A0090E5D3 /* InfoPlist.strings in Resources */,
				188FCD4B2B075D8A0090E5D3 /* LaunchScreen.strings in Resources */,
				18BF58132B079B2C0083C634 /* Start.storyboard in Resources */,
				188FCD552B075D8A0090E5D3 /* Images.xcassets in Resources */,
				188FCD4C2B075D8A0090E5D3 /* Localizable.strings in Resources */,
				188FCD512B075D8A0090E5D3 /* LaunchScreen.storyboard in Resources */,
				180FE44726E22203000C7121 /* resource.response in Resources */,
				188FCD4F2B075D8A0090E5D3 /* Main.strings in Resources */,
			);
			runOnlyForDeploymentPostprocessing = 0;
		};
		6003F5AC195388D20070C39A /* Resources */ = {
			isa = PBXResourcesBuildPhase;
			buildActionMask = 2147483647;
			files = (
			);
			runOnlyForDeploymentPostprocessing = 0;
		};
/* End PBXResourcesBuildPhase section */

/* Begin PBXShellScriptBuildPhase section */
		188FCE352B0789590090E5D3 /* Run Script */ = {
			isa = PBXShellScriptBuildPhase;
			buildActionMask = 2147483647;
			files = (
			);
			inputFileListPaths = (
			);
			inputPaths = (
			);
			name = "Run Script";
			outputFileListPaths = (
			);
			outputPaths = (
			);
			runOnlyForDeploymentPostprocessing = 0;
			shellPath = /bin/sh;
			shellScript = "# Type a script or drag a script file from your workspace to insert its path.\n# echo \"666 swift\"\nsource_file=\"$CONFIGURATION_BUILD_DIR/ZMDevTool/Swift Compatibility Header/ZMDevTool-Swift.h\"\ntarget_file=\"${PODS_ROOT}/Headers/Public/ZMDevTool/ZMDevTool-Swift.h\"\nrm \"$target_file\"\necho \"$source_file\"\nif [[ ! -e \"$target_file\" ]]; then\n    # 目标文件不存在，创建软链接\n    ln -s \"$source_file\" \"$target_file\"\nelse\n    echo \"Target file already exists, not creating symlink.\"\nfi\n\n";
		};
		966C9705002DC527F0CCA1E8 /* [CP] Copy Pods Resources */ = {
			isa = PBXShellScriptBuildPhase;
			buildActionMask = 2147483647;
			files = (
			);
			inputPaths = (
			);
			name = "[CP] Copy Pods Resources";
			outputPaths = (
			);
			runOnlyForDeploymentPostprocessing = 0;
			shellPath = /bin/sh;
			shellScript = "\"${PODS_ROOT}/Target Support Files/Pods-SETravel_Example/Pods-SETravel_Example-resources.sh\"\n";
			showEnvVarsInLog = 0;
		};
		ADAE0DB655EC7E38B1877617 /* [CP] Check Pods Manifest.lock */ = {
			isa = PBXShellScriptBuildPhase;
			buildActionMask = 2147483647;
			files = (
			);
			inputFileListPaths = (
			);
			inputPaths = (
				"${PODS_PODFILE_DIR_PATH}/Podfile.lock",
				"${PODS_ROOT}/Manifest.lock",
			);
			name = "[CP] Check Pods Manifest.lock";
			outputFileListPaths = (
			);
			outputPaths = (
				"$(DERIVED_FILE_DIR)/Pods-SETravel_Example-checkManifestLockResult.txt",
			);
			runOnlyForDeploymentPostprocessing = 0;
			shellPath = /bin/sh;
			shellScript = "diff \"${PODS_PODFILE_DIR_PATH}/Podfile.lock\" \"${PODS_ROOT}/Manifest.lock\" > /dev/null\nif [ $? != 0 ] ; then\n    # print error to STDERR\n    echo \"error: The sandbox is not in sync with the Podfile.lock. Run 'pod install' or update your CocoaPods installation.\" >&2\n    exit 1\nfi\n# This output is used by Xcode 'outputs' to avoid re-running this script phase.\necho \"SUCCESS\" > \"${SCRIPT_OUTPUT_FILE_0}\"\n";
			showEnvVarsInLog = 0;
		};
		C1F43523173DBEB63E9C42F1 /* [CP] Check Pods Manifest.lock */ = {
			isa = PBXShellScriptBuildPhase;
			buildActionMask = 2147483647;
			files = (
			);
			inputFileListPaths = (
			);
			inputPaths = (
				"${PODS_PODFILE_DIR_PATH}/Podfile.lock",
				"${PODS_ROOT}/Manifest.lock",
			);
			name = "[CP] Check Pods Manifest.lock";
			outputFileListPaths = (
			);
			outputPaths = (
				"$(DERIVED_FILE_DIR)/Pods-SETravel_Tests-checkManifestLockResult.txt",
			);
			runOnlyForDeploymentPostprocessing = 0;
			shellPath = /bin/sh;
			shellScript = "diff \"${PODS_PODFILE_DIR_PATH}/Podfile.lock\" \"${PODS_ROOT}/Manifest.lock\" > /dev/null\nif [ $? != 0 ] ; then\n    # print error to STDERR\n    echo \"error: The sandbox is not in sync with the Podfile.lock. Run 'pod install' or update your CocoaPods installation.\" >&2\n    exit 1\nfi\n# This output is used by Xcode 'outputs' to avoid re-running this script phase.\necho \"SUCCESS\" > \"${SCRIPT_OUTPUT_FILE_0}\"\n";
			showEnvVarsInLog = 0;
		};
/* End PBXShellScriptBuildPhase section */

/* Begin PBXSourcesBuildPhase section */
		6003F586195388D20070C39A /* Sources */ = {
			isa = PBXSourcesBuildPhase;
			buildActionMask = 2147483647;
			files = (
				188FCD542B075D8A0090E5D3 /* main.m in Sources */,
				18B9FC1D2BAE6DFA00FCF665 /* Clip.swift in Sources */,
				18C2435A2BA197E50095CD82 /* BaseType.swift in Sources */,
				18C243602BA19E310095CD82 /* DevToolModule.swift in Sources */,
				181E28502B735EAB001AB09A /* SEtestCPP.cpp in Sources */,
				18C2435E2BA19E0D0095CD82 /* DevToolBusiness.swift in Sources */,
				180EED2A2B6E8BC4005471CD /* DevToolCell.swift in Sources */,
				185482752BBA4C9200F885C1 /* test.swift in Sources */,
				188FCD572B075D8A0090E5D3 /* SEDevToolViewController.m in Sources */,
				18A4CD702833B0DE00CAE962 /* SEWidgets.intentdefinition in Sources */,
				1854823D2BB6C1CA00F885C1 /* DebugModels.swift in Sources */,
				22E5282C2BA1F85500DA15B8 /* AnyDevToolModel.swift in Sources */,
				18C243582BA18F690095CD82 /* DevToolModel.swift in Sources */,
				188FCD532B075D8A0090E5D3 /* SEViewController.mm in Sources */,
				188FCD7B2B075F3C0090E5D3 /* SEPanelView.m in Sources */,
				188FCD7A2B075F3C0090E5D3 /* SEPanelBehavior.m in Sources */,
				18C243772BA449370095CD82 /* DevToolModelAction.swift in Sources */,
				18C2435C2BA19B620095CD82 /* DevToolStore.swift in Sources */,
				18B9FC192BAD647C00FCF665 /* ModelPersistency.swift in Sources */,
				18CAB14A2B207337005EA2F5 /* SEAnnoViewController.m in Sources */,
				188FCD4A2B075D8A0090E5D3 /* SEVideoFiltersViewController.m in Sources */,
				188FCD522B075D8A0090E5D3 /* SESecondViewController.m in Sources */,
				188FCD562B075D8A0090E5D3 /* SEAppDelegate.m in Sources */,
			);
			runOnlyForDeploymentPostprocessing = 0;
		};
		6003F5AA195388D20070C39A /* Sources */ = {
			isa = PBXSourcesBuildPhase;
			buildActionMask = 2147483647;
			files = (
				18CA61B4271FC9D200C8C0F2 /* SENewTests.m in Sources */,
				6003F5BC195388D20070C39A /* Tests.m in Sources */,
			);
			runOnlyForDeploymentPostprocessing = 0;
		};
/* End PBXSourcesBuildPhase section */

/* Begin PBXTargetDependency section */
		6003F5B4195388D20070C39A /* PBXTargetDependency */ = {
			isa = PBXTargetDependency;
			target = 6003F589195388D20070C39A /* SETravel_Example */;
			targetProxy = 6003F5B3195388D20070C39A /* PBXContainerItemProxy */;
		};
/* End PBXTargetDependency section */

/* Begin PBXVariantGroup section */
		188FCD2B2B075D8A0090E5D3 /* LaunchScreen.strings */ = {
			isa = PBXVariantGroup;
			children = (
				188FCD2C2B075D8A0090E5D3 /* zh-Hans */,
				188FCD312B075D8A0090E5D3 /* en */,
				188FCD492B075D8A0090E5D3 /* en-IN */,
			);
			name = LaunchScreen.strings;
			sourceTree = "<group>";
		};
		188FCD2D2B075D8A0090E5D3 /* Localizable.strings */ = {
			isa = PBXVariantGroup;
			children = (
				188FCD2E2B075D8A0090E5D3 /* zh-Hans */,
				188FCD322B075D8A0090E5D3 /* en */,
			);
			name = Localizable.strings;
			sourceTree = "<group>";
		};
		188FCD2F2B075D8A0090E5D3 /* InfoPlist.strings */ = {
			isa = PBXVariantGroup;
			children = (
				188FCD302B075D8A0090E5D3 /* zh-Hans */,
			);
			name = InfoPlist.strings;
			sourceTree = "<group>";
		};
		188FCD372B075D8A0090E5D3 /* Main.strings */ = {
			isa = PBXVariantGroup;
			children = (
				188FCD382B075D8A0090E5D3 /* zh-Hans */,
				188FCD3B2B075D8A0090E5D3 /* en */,
			);
			name = Main.strings;
			sourceTree = "<group>";
		};
		188FCD3D2B075D8A0090E5D3 /* LaunchScreen.storyboard */ = {
			isa = PBXVariantGroup;
			children = (
				188FCD3E2B075D8A0090E5D3 /* Base */,
			);
			name = LaunchScreen.storyboard;
			sourceTree = "<group>";
		};
		18BF58112B079B2C0083C634 /* Start.storyboard */ = {
			isa = PBXVariantGroup;
			children = (
				18BF58122B079B2C0083C634 /* Base */,
			);
			name = Start.storyboard;
			sourceTree = "<group>";
		};
/* End PBXVariantGroup section */

/* Begin XCBuildConfiguration section */
		6003F5BD195388D20070C39A /* Debug */ = {
			isa = XCBuildConfiguration;
			buildSettings = {
				ALWAYS_SEARCH_USER_PATHS = NO;
				CLANG_ANALYZER_LOCALIZABILITY_NONLOCALIZED = YES;
				CLANG_CXX_LANGUAGE_STANDARD = "gnu++0x";
				CLANG_CXX_LIBRARY = "libc++";
				CLANG_ENABLE_MODULES = YES;
				CLANG_ENABLE_OBJC_ARC = YES;
				CLANG_WARN_BLOCK_CAPTURE_AUTORELEASING = YES;
				CLANG_WARN_BOOL_CONVERSION = YES;
				CLANG_WARN_COMMA = YES;
				CLANG_WARN_CONSTANT_CONVERSION = YES;
				CLANG_WARN_DEPRECATED_OBJC_IMPLEMENTATIONS = YES;
				CLANG_WARN_DIRECT_OBJC_ISA_USAGE = YES_ERROR;
				CLANG_WARN_EMPTY_BODY = YES;
				CLANG_WARN_ENUM_CONVERSION = YES;
				CLANG_WARN_INFINITE_RECURSION = YES;
				CLANG_WARN_INT_CONVERSION = YES;
				CLANG_WARN_NON_LITERAL_NULL_CONVERSION = YES;
				CLANG_WARN_OBJC_IMPLICIT_RETAIN_SELF = YES;
				CLANG_WARN_OBJC_LITERAL_CONVERSION = YES;
				CLANG_WARN_OBJC_ROOT_CLASS = YES_ERROR;
				CLANG_WARN_QUOTED_INCLUDE_IN_FRAMEWORK_HEADER = YES;
				CLANG_WARN_RANGE_LOOP_ANALYSIS = YES;
				CLANG_WARN_STRICT_PROTOTYPES = YES;
				CLANG_WARN_SUSPICIOUS_MOVE = YES;
				CLANG_WARN_UNREACHABLE_CODE = YES;
				CLANG_WARN__DUPLICATE_METHOD_MATCH = YES;
				"CODE_SIGN_IDENTITY[sdk=iphoneos*]" = "iPhone Developer";
				COPY_PHASE_STRIP = NO;
				ENABLE_STRICT_OBJC_MSGSEND = YES;
				ENABLE_TESTABILITY = YES;
				ENABLE_USER_SCRIPT_SANDBOXING = YES;
				GCC_C_LANGUAGE_STANDARD = gnu99;
				GCC_DYNAMIC_NO_PIC = NO;
				GCC_INSTRUMENT_PROGRAM_FLOW_ARCS = YES;
				GCC_NO_COMMON_BLOCKS = YES;
				GCC_OPTIMIZATION_LEVEL = 0;
				GCC_PREPROCESSOR_DEFINITIONS = (
					"DEBUG=1",
					"$(inherited)",
				);
				GCC_SYMBOLS_PRIVATE_EXTERN = NO;
				GCC_WARN_64_TO_32_BIT_CONVERSION = YES;
				GCC_WARN_ABOUT_RETURN_TYPE = YES_ERROR;
				GCC_WARN_UNDECLARED_SELECTOR = YES;
				GCC_WARN_UNINITIALIZED_AUTOS = YES_AGGRESSIVE;
				GCC_WARN_UNUSED_FUNCTION = YES;
				GCC_WARN_UNUSED_VARIABLE = YES;
				INFOPLIST_FILE = /Users/samchen/Desktop/SETravel/Example/Info.plist;
				IPHONEOS_DEPLOYMENT_TARGET = 12.0;
				ONLY_ACTIVE_ARCH = YES;
				OTHER_LDFLAGS = (
					"-fcoverage-mapping",
					"-fprofile-instr-generate",
				);
				SDKROOT = iphoneos;
				TARGETED_DEVICE_FAMILY = "1,2";
			};
			name = Debug;
		};
		6003F5BE195388D20070C39A /* Release */ = {
			isa = XCBuildConfiguration;
			buildSettings = {
				ALWAYS_SEARCH_USER_PATHS = NO;
				CLANG_ANALYZER_LOCALIZABILITY_NONLOCALIZED = YES;
				CLANG_CXX_LANGUAGE_STANDARD = "gnu++0x";
				CLANG_CXX_LIBRARY = "libc++";
				CLANG_ENABLE_MODULES = YES;
				CLANG_ENABLE_OBJC_ARC = YES;
				CLANG_WARN_BLOCK_CAPTURE_AUTORELEASING = YES;
				CLANG_WARN_BOOL_CONVERSION = YES;
				CLANG_WARN_COMMA = YES;
				CLANG_WARN_CONSTANT_CONVERSION = YES;
				CLANG_WARN_DEPRECATED_OBJC_IMPLEMENTATIONS = YES;
				CLANG_WARN_DIRECT_OBJC_ISA_USAGE = YES_ERROR;
				CLANG_WARN_EMPTY_BODY = YES;
				CLANG_WARN_ENUM_CONVERSION = YES;
				CLANG_WARN_INFINITE_RECURSION = YES;
				CLANG_WARN_INT_CONVERSION = YES;
				CLANG_WARN_NON_LITERAL_NULL_CONVERSION = YES;
				CLANG_WARN_OBJC_IMPLICIT_RETAIN_SELF = YES;
				CLANG_WARN_OBJC_LITERAL_CONVERSION = YES;
				CLANG_WARN_OBJC_ROOT_CLASS = YES_ERROR;
				CLANG_WARN_QUOTED_INCLUDE_IN_FRAMEWORK_HEADER = YES;
				CLANG_WARN_RANGE_LOOP_ANALYSIS = YES;
				CLANG_WARN_STRICT_PROTOTYPES = YES;
				CLANG_WARN_SUSPICIOUS_MOVE = YES;
				CLANG_WARN_UNREACHABLE_CODE = YES;
				CLANG_WARN__DUPLICATE_METHOD_MATCH = YES;
				"CODE_SIGN_IDENTITY[sdk=iphoneos*]" = "iPhone Developer";
				COPY_PHASE_STRIP = YES;
				ENABLE_NS_ASSERTIONS = NO;
				ENABLE_STRICT_OBJC_MSGSEND = YES;
				ENABLE_USER_SCRIPT_SANDBOXING = YES;
				GCC_C_LANGUAGE_STANDARD = gnu99;
				GCC_INSTRUMENT_PROGRAM_FLOW_ARCS = YES;
				GCC_NO_COMMON_BLOCKS = YES;
				GCC_WARN_64_TO_32_BIT_CONVERSION = YES;
				GCC_WARN_ABOUT_RETURN_TYPE = YES_ERROR;
				GCC_WARN_UNDECLARED_SELECTOR = YES;
				GCC_WARN_UNINITIALIZED_AUTOS = YES_AGGRESSIVE;
				GCC_WARN_UNUSED_FUNCTION = YES;
				GCC_WARN_UNUSED_VARIABLE = YES;
				IPHONEOS_DEPLOYMENT_TARGET = 12.0;
				OTHER_LDFLAGS = (
					"-fcoverage-mapping",
					"-fprofile-instr-generate",
				);
				SDKROOT = iphoneos;
				SWIFT_COMPILATION_MODE = wholemodule;
				TARGETED_DEVICE_FAMILY = "1,2";
				VALIDATE_PRODUCT = YES;
			};
			name = Release;
		};
		6003F5C0195388D20070C39A /* Debug */ = {
			isa = XCBuildConfiguration;
			baseConfigurationReference = C18C1BA6AA66F6443D0A1874 /* Pods-SETravel_Example.debug.xcconfig */;
			buildSettings = {
				ARCHS = "$(ARCHS_STANDARD)";
				ASSETCATALOG_COMPILER_APPICON_NAME = AppIcon;
				CLANG_CXX_LANGUAGE_STANDARD = "gnu++14";
				CLANG_ENABLE_MODULES = YES;
				COMPILER_INDEX_STORE_ENABLE = Default;
				DEBUG_INFORMATION_FORMAT = "dwarf-with-dsym";
				DEVELOPMENT_TEAM = F9PFPWQX48;
				ENABLE_USER_SCRIPT_SANDBOXING = NO;
				GCC_GENERATE_TEST_COVERAGE_FILES = YES;
				GCC_INCREASE_PRECOMPILED_HEADER_SHARING = YES;
				GCC_INSTRUMENT_PROGRAM_FLOW_ARCS = YES;
				GCC_PRECOMPILE_PREFIX_HEADER = YES;
				GCC_PREFIX_HEADER = "$(SRCROOT)/SETravelMain/SETravel-Prefix.pch";
				HEADER_SEARCH_PATHS = (
					"$(inherited)",
					"\"${PODS_ROOT}/Headers/Public\"",
					"\"${PODS_ROOT}/Headers/Public/AFNetworking\"",
					"\"${PODS_ROOT}/Headers/Public/Masonry\"",
					"\"${PODS_ROOT}/Headers/Public/SETravel\"",
					"\"${PODS_ROOT}/Headers/Public/SSZipArchive\"",
					"\"${BUILT_PRODUCTS_DIR}/Swift Compatibility Header\"",
				);
				INFOPLIST_FILE = "SETravelMain/SETravel-Info.plist";
				INFOPLIST_KEY_NSMainStoryboardFile = "";
				INFOPLIST_KEY_UILaunchStoryboardName = LaunchScreen;
				INFOPLIST_KEY_UIMainStoryboardFile = Start;
				INTENTS_CODEGEN_LANGUAGE = Swift;
				IPHONEOS_DEPLOYMENT_TARGET = 13.0;
				LD_RUNPATH_SEARCH_PATHS = (
					"$(inherited)",
					"@executable_path/Frameworks",
				);
				MODULE_NAME = ExampleApp;
				OTHER_CFLAGS = (
					"-fprofile-instr-generate",
					"-fcoverage-mapping",
				);
				OTHER_LDFLAGS = (
					"$(inherited)",
					"-ObjC",
					"-l\"AFNetworking\"",
					"-l\"Masonry\"",
					"-l\"SETravel\"",
					"-l\"SSZipArchive\"",
					"-l\"z\"",
					"-framework",
					"\"CoreGraphics\"",
					"-framework",
					"\"Foundation\"",
					"-framework",
					"\"MobileCoreServices\"",
					"-framework",
					"\"Security\"",
					"-framework",
					"\"SystemConfiguration\"",
					"-framework",
					"\"UIKit\"",
					"-fcoverage-mapping",
					"-fprofile-instr-generate",
				);
				PRODUCT_BUNDLE_IDENTIFIER = "org.cocoapods.demo.SETravel-Example";
				PRODUCT_NAME = "$(TARGET_NAME)";
				SUPPORTED_PLATFORMS = "iphoneos iphonesimulator";
				SUPPORTS_MACCATALYST = NO;
				SUPPORTS_MAC_DESIGNED_FOR_IPHONE_IPAD = YES;
				SWIFT_OBJC_BRIDGING_HEADER = "SEWidgets/SETravel_Example-Bridging-Header.h";
				SWIFT_OPTIMIZATION_LEVEL = "-Onone";
				SWIFT_VERSION = 4.0;
				TARGETED_DEVICE_FAMILY = "1,2";
				WRAPPER_EXTENSION = app;
			};
			name = Debug;
		};
		6003F5C1195388D20070C39A /* Release */ = {
			isa = XCBuildConfiguration;
			baseConfigurationReference = F43B99A9FDB2647FFC818A90 /* Pods-SETravel_Example.release.xcconfig */;
			buildSettings = {
				ARCHS = "$(ARCHS_STANDARD)";
				ASSETCATALOG_COMPILER_APPICON_NAME = AppIcon;
				CLANG_CXX_LANGUAGE_STANDARD = "gnu++14";
				CLANG_ENABLE_MODULES = YES;
				COMPILER_INDEX_STORE_ENABLE = Default;
				DEVELOPMENT_TEAM = F9PFPWQX48;
				ENABLE_USER_SCRIPT_SANDBOXING = NO;
				GCC_GENERATE_TEST_COVERAGE_FILES = YES;
				GCC_INCREASE_PRECOMPILED_HEADER_SHARING = YES;
				GCC_INSTRUMENT_PROGRAM_FLOW_ARCS = YES;
				GCC_PRECOMPILE_PREFIX_HEADER = YES;
				GCC_PREFIX_HEADER = "$(SRCROOT)/SETravelMain/SETravel-Prefix.pch";
				HEADER_SEARCH_PATHS = (
					"$(inherited)",
					"\"${PODS_ROOT}/Headers/Public\"",
					"\"${PODS_ROOT}/Headers/Public/AFNetworking\"",
					"\"${PODS_ROOT}/Headers/Public/Masonry\"",
					"\"${PODS_ROOT}/Headers/Public/SETravel\"",
					"\"${PODS_ROOT}/Headers/Public/SSZipArchive\"",
					"\"${BUILT_PRODUCTS_DIR}/Swift Compatibility Header\"",
				);
				INFOPLIST_FILE = "SETravelMain/SETravel-Info.plist";
				INFOPLIST_KEY_NSMainStoryboardFile = "";
				INFOPLIST_KEY_UILaunchStoryboardName = LaunchScreen;
				INFOPLIST_KEY_UIMainStoryboardFile = Start;
				INTENTS_CODEGEN_LANGUAGE = Swift;
				IPHONEOS_DEPLOYMENT_TARGET = 13.0;
				LD_RUNPATH_SEARCH_PATHS = (
					"$(inherited)",
					"@executable_path/Frameworks",
				);
				MODULE_NAME = ExampleApp;
				OTHER_CFLAGS = (
					"-fprofile-instr-generate",
					"-fcoverage-mapping",
				);
				OTHER_LDFLAGS = (
					"$(inherited)",
					"-ObjC",
					"-l\"AFNetworking\"",
					"-l\"Masonry\"",
					"-l\"SETravel\"",
					"-l\"SSZipArchive\"",
					"-l\"z\"",
					"-framework",
					"\"CoreGraphics\"",
					"-framework",
					"\"Foundation\"",
					"-framework",
					"\"MobileCoreServices\"",
					"-framework",
					"\"Security\"",
					"-framework",
					"\"SystemConfiguration\"",
					"-framework",
					"\"UIKit\"",
					"-fcoverage-mapping",
					"-fprofile-instr-generate",
				);
				PRODUCT_BUNDLE_IDENTIFIER = "sam.cocoapods.demo.--PRODUCT-NAME-rfc1034identifier-";
				PRODUCT_NAME = "$(TARGET_NAME)";
				SUPPORTED_PLATFORMS = "iphoneos iphonesimulator";
				SUPPORTS_MACCATALYST = NO;
				SUPPORTS_MAC_DESIGNED_FOR_IPHONE_IPAD = YES;
				SWIFT_OBJC_BRIDGING_HEADER = "SEWidgets/SETravel_Example-Bridging-Header.h";
				SWIFT_VERSION = 4.0;
				TARGETED_DEVICE_FAMILY = "1,2";
				WRAPPER_EXTENSION = app;
			};
			name = Release;
		};
		6003F5C3195388D20070C39A /* Debug */ = {
			isa = XCBuildConfiguration;
			baseConfigurationReference = AADDF047A46F4777DC7AD20E /* Pods-SETravel_Tests.debug.xcconfig */;
			buildSettings = {
				ALWAYS_EMBED_SWIFT_STANDARD_LIBRARIES = YES;
				BUNDLE_LOADER = "$(TEST_HOST)";
				DEVELOPMENT_TEAM = F9PFPWQX48;
				FRAMEWORK_SEARCH_PATHS = (
					"$(PLATFORM_DIR)/Developer/Library/Frameworks",
					"$(inherited)",
					"$(DEVELOPER_FRAMEWORKS_DIR)",
				);
				GCC_GENERATE_TEST_COVERAGE_FILES = YES;
				GCC_INSTRUMENT_PROGRAM_FLOW_ARCS = YES;
				GCC_PRECOMPILE_PREFIX_HEADER = YES;
				GCC_PREFIX_HEADER = "Tests/Tests-Prefix.pch";
				GCC_PREPROCESSOR_DEFINITIONS = (
					"DEBUG=1",
					"$(inherited)",
				);
				INFOPLIST_FILE = "Tests/Tests-Info.plist";
				OTHER_CFLAGS = (
					"-fprofile-instr-generate",
					"-fcoverage-mapping",
				);
				OTHER_LDFLAGS = (
					"$(inherited)",
					"-l\"z\"",
					"-framework",
					"\"CoreGraphics\"",
					"-framework",
					"\"Foundation\"",
					"-framework",
					"\"MobileCoreServices\"",
					"-framework",
					"\"Security\"",
					"-framework",
					"\"SystemConfiguration\"",
					"-framework",
					"\"UIKit\"",
					"-fprofile-instr-generate",
					"-fcoverage-mapping",
				);
				PRODUCT_BUNDLE_IDENTIFIER = "org.cocoapods.demo.${PRODUCT_NAME:rfc1034identifier}";
				PRODUCT_NAME = "$(TARGET_NAME)";
				SWIFT_VERSION = 4.0;
				TEST_HOST = "$(BUILT_PRODUCTS_DIR)/SETravel_Example.app/SETravel_Example";
				WRAPPER_EXTENSION = xctest;
			};
			name = Debug;
		};
		6003F5C4195388D20070C39A /* Release */ = {
			isa = XCBuildConfiguration;
			baseConfigurationReference = 20816CCDC09ADCFCF341AB0A /* Pods-SETravel_Tests.release.xcconfig */;
			buildSettings = {
				ALWAYS_EMBED_SWIFT_STANDARD_LIBRARIES = YES;
				BUNDLE_LOADER = "$(TEST_HOST)";
				DEVELOPMENT_TEAM = WMCB79Z2LT;
				FRAMEWORK_SEARCH_PATHS = (
					"$(PLATFORM_DIR)/Developer/Library/Frameworks",
					"$(inherited)",
					"$(DEVELOPER_FRAMEWORKS_DIR)",
				);
				GCC_GENERATE_TEST_COVERAGE_FILES = YES;
				GCC_INSTRUMENT_PROGRAM_FLOW_ARCS = YES;
				GCC_PRECOMPILE_PREFIX_HEADER = YES;
				GCC_PREFIX_HEADER = "Tests/Tests-Prefix.pch";
				INFOPLIST_FILE = "Tests/Tests-Info.plist";
				OTHER_CFLAGS = (
					"-fprofile-instr-generate",
					"-fcoverage-mapping",
				);
				OTHER_LDFLAGS = (
					"$(inherited)",
					"-l\"z\"",
					"-framework",
					"\"CoreGraphics\"",
					"-framework",
					"\"Foundation\"",
					"-framework",
					"\"MobileCoreServices\"",
					"-framework",
					"\"Security\"",
					"-framework",
					"\"SystemConfiguration\"",
					"-framework",
					"\"UIKit\"",
					"-fprofile-instr-generate",
					"-fcoverage-mapping",
				);
				PRODUCT_BUNDLE_IDENTIFIER = "org.cocoapods.demo.${PRODUCT_NAME:rfc1034identifier}";
				PRODUCT_NAME = "$(TARGET_NAME)";
				SWIFT_VERSION = 4.0;
				TEST_HOST = "$(BUILT_PRODUCTS_DIR)/SETravel_Example.app/SETravel_Example";
				WRAPPER_EXTENSION = xctest;
			};
			name = Release;
		};
/* End XCBuildConfiguration section */

/* Begin XCConfigurationList section */
		6003F585195388D10070C39A /* Build configuration list for PBXProject "SETravel" */ = {
			isa = XCConfigurationList;
			buildConfigurations = (
				6003F5BD195388D20070C39A /* Debug */,
				6003F5BE195388D20070C39A /* Release */,
			);
			defaultConfigurationIsVisible = 0;
			defaultConfigurationName = Release;
		};
		6003F5BF195388D20070C39A /* Build configuration list for PBXNativeTarget "SETravel_Example" */ = {
			isa = XCConfigurationList;
			buildConfigurations = (
				6003F5C0195388D20070C39A /* Debug */,
				6003F5C1195388D20070C39A /* Release */,
			);
			defaultConfigurationIsVisible = 0;
			defaultConfigurationName = Release;
		};
		6003F5C2195388D20070C39A /* Build configuration list for PBXNativeTarget "SETravel_Tests" */ = {
			isa = XCConfigurationList;
			buildConfigurations = (
				6003F5C3195388D20070C39A /* Debug */,
				6003F5C4195388D20070C39A /* Release */,
			);
			defaultConfigurationIsVisible = 0;
			defaultConfigurationName = Release;
		};
/* End XCConfigurationList section */
	};
	rootObject = 6003F582195388D10070C39A /* Project object */;
}
